
Microsoft Visual Studio Solution File, Format Version 12.00
# Visual Studio Version 17
VisualStudioVersion = 17.1.32319.34
MinimumVisualStudioVersion = 10.0.40219.1
Project("{9A19103F-16F7-4668-BE54-9A1E7A4F7556}") = "Practical_1", "Practical_1.csproj", "{3760862B-6FEE-48CF-86A3-2B37B13AE312}"
EndProject
Project("{9A19103F-16F7-4668-BE54-9A1E7A4F7556}") = "Practical_2", "..\Practical_2\Practical_2.csproj", "{27704DB3-52B0-4495-A723-BE987D9F06DC}"
EndProject
Project("{9A19103F-16F7-4668-BE54-9A1E7A4F7556}") = "DebuggingApplication", "..\DebuggingApplication\DebuggingApplication.csproj", "{CEA48752-D186-405A-90D4-00FB9D253EB2}"
EndProject
Project("{9A19103F-16F7-4668-BE54-9A1E7A4F7556}") = "Practical_5", "..\Practical_5\Practical_5.csproj", "{A16F5E8A-8330-4C7C-8278-A8BF421B3273}"
EndProject
Project("{9A19103F-16F7-4668-BE54-9A1E7A4F7556}") = "Practical_6", "..\Practical_6\Practical_6.csproj", "{74410C80-7E77-4303-9C2C-918FF43B84B8}"
EndProject
Project("{9A19103F-16F7-4668-BE54-9A1E7A4F7556}") = "Inheritance", "..\Inheritance\Inheritance.csproj", "{E62D0720-53D2-4833-95CD-1318CD725155}"
EndProject
Project("{9A19103F-16F7-4668-BE54-9A1E7A4F7556}") = "Polymorphism", "..\Polymorphism\Polymorphism.csproj", "{8F5EFB33-2A87-4163-8B08-CD8A2962738A}"
EndProject
Project("{9A19103F-16F7-4668-BE54-9A1E7A4F7556}") = "Abstraction", "..\Abstraction\Abstraction.csproj", "{48395741-6E18-463F-BB20-B3A3CBA41A73}"
EndProject
Project("{FAE04EC0-301F-11D3-BF4B-00C04F79EFBC}") = "Practical_4", "..\Practical_4\Practical_4.csproj", "{8CBC6EEB-1BD3-4FCC-B71A-54336FEDE93F}"
EndProject
Global
	GlobalSection(SolutionConfigurationPlatforms) = preSolution
		Debug|Any CPU = Debug|Any CPU
		Release|Any CPU = Release|Any CPU
	EndGlobalSection
	GlobalSection(ProjectConfigurationPlatforms) = postSolution
		{3760862B-6FEE-48CF-86A3-2B37B13AE312}.Debug|Any CPU.ActiveCfg = Debug|Any CPU
		{3760862B-6FEE-48CF-86A3-2B37B13AE312}.Debug|Any CPU.Build.0 = Debug|Any CPU
		{3760862B-6FEE-48CF-86A3-2B37B13AE312}.Release|Any CPU.ActiveCfg = Release|Any CPU
		{3760862B-6FEE-48CF-86A3-2B37B13AE312}.Release|Any CPU.Build.0 = Release|Any CPU
		{27704DB3-52B0-4495-A723-BE987D9F06DC}.Debug|Any CPU.ActiveCfg = Debug|Any CPU
		{27704DB3-52B0-4495-A723-BE987D9F06DC}.Debug|Any CPU.Build.0 = Debug|Any CPU
		{27704DB3-52B0-4495-A723-BE987D9F06DC}.Release|Any CPU.ActiveCfg = Release|Any CPU
		{27704DB3-52B0-4495-A723-BE987D9F06DC}.Release|Any CPU.Build.0 = Release|Any CPU
		{CEA48752-D186-405A-90D4-00FB9D253EB2}.Debug|Any CPU.ActiveCfg = Debug|Any CPU
		{CEA48752-D186-405A-90D4-00FB9D253EB2}.Debug|Any CPU.Build.0 = Debug|Any CPU
		{CEA48752-D186-405A-90D4-00FB9D253EB2}.Release|Any CPU.ActiveCfg = Release|Any CPU
		{CEA48752-D186-405A-90D4-00FB9D253EB2}.Release|Any CPU.Build.0 = Release|Any CPU
		{A16F5E8A-8330-4C7C-8278-A8BF421B3273}.Debug|Any CPU.ActiveCfg = Debug|Any CPU
		{A16F5E8A-8330-4C7C-8278-A8BF421B3273}.Debug|Any CPU.Build.0 = Debug|Any CPU
		{A16F5E8A-8330-4C7C-8278-A8BF421B3273}.Release|Any CPU.ActiveCfg = Release|Any CPU
		{A16F5E8A-8330-4C7C-8278-A8BF421B3273}.Release|Any CPU.Build.0 = Release|Any CPU
		{74410C80-7E77-4303-9C2C-918FF43B84B8}.Debug|Any CPU.ActiveCfg = Debug|Any CPU
		{74410C80-7E77-4303-9C2C-918FF43B84B8}.Debug|Any CPU.Build.0 = Debug|Any CPU
		{74410C80-7E77-4303-9C2C-918FF43B84B8}.Release|Any CPU.ActiveCfg = Release|Any CPU
		{74410C80-7E77-4303-9C2C-918FF43B84B8}.Release|Any CPU.Build.0 = Release|Any CPU
		{E62D0720-53D2-4833-95CD-1318CD725155}.Debug|Any CPU.ActiveCfg = Debug|Any CPU
		{E62D0720-53D2-4833-95CD-1318CD725155}.Debug|Any CPU.Build.0 = Debug|Any CPU
		{E62D0720-53D2-4833-95CD-1318CD725155}.Release|Any CPU.ActiveCfg = Release|Any CPU
		{E62D0720-53D2-4833-95CD-1318CD725155}.Release|Any CPU.Build.0 = Release|Any CPU
		{8F5EFB33-2A87-4163-8B08-CD8A2962738A}.Debug|Any CPU.ActiveCfg = Debug|Any CPU
		{8F5EFB33-2A87-4163-8B08-CD8A2962738A}.Debug|Any CPU.Build.0 = Debug|Any CPU
		{8F5EFB33-2A87-4163-8B08-CD8A2962738A}.Release|Any CPU.ActiveCfg = Release|Any CPU
		{8F5EFB33-2A87-4163-8B08-CD8A2962738A}.Release|Any CPU.Build.0 = Release|Any CPU
		{48395741-6E18-463F-BB20-B3A3CBA41A73}.Debug|Any CPU.ActiveCfg = Debug|Any CPU
		{48395741-6E18-463F-BB20-B3A3CBA41A73}.Debug|Any CPU.Build.0 = Debug|Any CPU
		{48395741-6E18-463F-BB20-B3A3CBA41A73}.Release|Any CPU.ActiveCfg = Release|Any CPU
		{48395741-6E18-463F-BB20-B3A3CBA41A73}.Release|Any CPU.Build.0 = Release|Any CPU
		{8CBC6EEB-1BD3-4FCC-B71A-54336FEDE93F}.Debug|Any CPU.ActiveCfg = Debug|Any CPU
		{8CBC6EEB-1BD3-4FCC-B71A-54336FEDE93F}.Debug|Any CPU.Build.0 = Debug|Any CPU
		{8CBC6EEB-1BD3-4FCC-B71A-54336FEDE93F}.Release|Any CPU.ActiveCfg = Release|Any CPU
		{8CBC6EEB-1BD3-4FCC-B71A-54336FEDE93F}.Release|Any CPU.Build.0 = Release|Any CPU
	EndGlobalSection
	GlobalSection(SolutionProperties) = preSolution
		HideSolutionNode = FALSE
	EndGlobalSection
	GlobalSection(ExtensibilityGlobals) = postSolution
		SolutionGuid = {7968E523-83D7-4138-82B9-5B0A85365599}
	EndGlobalSection
EndGlobal
